
Microsoft Visual Studio Solution File, Format Version 12.00
# Visual Studio Version 17
VisualStudioVersion = 17.5.33414.496
MinimumVisualStudioVersion = 10.0.40219.1
Project("{FAE04EC0-301F-11D3-BF4B-00C04F79EFBC}") = "OurSunday", "OurSunday.csproj", "{3A93BE53-58AE-469D-8345-3A9B007DEABA}"
EndProject
Global
	GlobalSection(SolutionConfigurationPlatforms) = preSolution
		Debug|Any CPU = Debug|Any CPU
		Release|Any CPU = Release|Any CPU
	EndGlobalSection
	GlobalSection(ProjectConfigurationPlatforms) = postSolution
		{3A93BE53-58AE-469D-8345-3A9B007DEABA}.Debug|Any CPU.ActiveCfg = Debug|Any CPU
		{3A93BE53-58AE-469D-8345-3A9B007DEABA}.Debug|Any CPU.Build.0 = Debug|Any CPU
		{3A93BE53-58AE-469D-8345-3A9B007DEABA}.Release|Any CPU.ActiveCfg = Release|Any CPU
		{3A93BE53-58AE-469D-8345-3A9B007DEABA}.Release|Any CPU.Build.0 = Release|Any CPU
	EndGlobalSection
	GlobalSection(SolutionProperties) = preSolution
		HideSolutionNode = FALSE
	EndGlobalSection
	GlobalSection(ExtensibilityGlobals) = postSolution
		SolutionGuid = {39BF2F23-7C4F-4ED3-8FB9-1F5A271A635E}
	EndGlobalSection
EndGlobal
